// !$*UTF8*$!
{
	archiveVersion = 1;
	classes = {
	};
	objectVersion = 50;
	objects = {

/* Begin PBXBuildFile section */
		013E4D6DE5341C978367A2ED /* Pods_VkTests.framework in Frameworks */ = {isa = PBXBuildFile; fileRef = 25ACBD69034476ACCA1C8F37 /* Pods_VkTests.framework */; };
		486ED7B9209617F400B95EF4 /* ApiConfig.swift in Sources */ = {isa = PBXBuildFile; fileRef = 486ED7B2209617F300B95EF4 /* ApiConfig.swift */; };
		486ED7BA209617F400B95EF4 /* Request.swift in Sources */ = {isa = PBXBuildFile; fileRef = 486ED7B3209617F300B95EF4 /* Request.swift */; };
		486ED7BB209617F400B95EF4 /* RequestProcessing.swift in Sources */ = {isa = PBXBuildFile; fileRef = 486ED7B4209617F300B95EF4 /* RequestProcessing.swift */; };
		486ED7BC209617F400B95EF4 /* RequestBuilding.swift in Sources */ = {isa = PBXBuildFile; fileRef = 486ED7B5209617F300B95EF4 /* RequestBuilding.swift */; };
		486ED7BD209617F400B95EF4 /* Empty.swift in Sources */ = {isa = PBXBuildFile; fileRef = 486ED7B6209617F400B95EF4 /* Empty.swift */; };
		486ED7BE209617F400B95EF4 /* Result.swift in Sources */ = {isa = PBXBuildFile; fileRef = 486ED7B7209617F400B95EF4 /* Result.swift */; };
		486ED7BF209617F400B95EF4 /* RequestSending.swift in Sources */ = {isa = PBXBuildFile; fileRef = 486ED7B8209617F400B95EF4 /* RequestSending.swift */; };
		488ECDE32095FB7B00A28E0E /* AppDelegate.swift in Sources */ = {isa = PBXBuildFile; fileRef = 488ECDE22095FB7B00A28E0E /* AppDelegate.swift */; };
		488ECDE52095FB7B00A28E0E /* ViewController.swift in Sources */ = {isa = PBXBuildFile; fileRef = 488ECDE42095FB7B00A28E0E /* ViewController.swift */; };
		488ECDE82095FB7B00A28E0E /* Main.storyboard in Resources */ = {isa = PBXBuildFile; fileRef = 488ECDE62095FB7B00A28E0E /* Main.storyboard */; };
		488ECDEA2095FB8100A28E0E /* Assets.xcassets in Resources */ = {isa = PBXBuildFile; fileRef = 488ECDE92095FB8100A28E0E /* Assets.xcassets */; };
		488ECDED2095FB8100A28E0E /* LaunchScreen.storyboard in Resources */ = {isa = PBXBuildFile; fileRef = 488ECDEB2095FB8100A28E0E /* LaunchScreen.storyboard */; };
		488ECDF82095FB8100A28E0E /* VkTests.swift in Sources */ = {isa = PBXBuildFile; fileRef = 488ECDF72095FB8100A28E0E /* VkTests.swift */; };
		488ECE032095FB8200A28E0E /* VkUITests.swift in Sources */ = {isa = PBXBuildFile; fileRef = 488ECE022095FB8200A28E0E /* VkUITests.swift */; };
		52AF4B24EC1D53811717BFA8 /* Pods_VkUITests.framework in Frameworks */ = {isa = PBXBuildFile; fileRef = 3ADBD6307BDA002F2A73E364 /* Pods_VkUITests.framework */; };
		FE067B15D931B7BDAF02E604 /* Pods_Vk.framework in Frameworks */ = {isa = PBXBuildFile; fileRef = 2EAA40AA53644F631FF157D6 /* Pods_Vk.framework */; };
/* End PBXBuildFile section */

/* Begin PBXContainerItemProxy section */
		488ECDF42095FB8100A28E0E /* PBXContainerItemProxy */ = {
			isa = PBXContainerItemProxy;
			containerPortal = 488ECDD72095FB7B00A28E0E /* Project object */;
			proxyType = 1;
			remoteGlobalIDString = 488ECDDE2095FB7B00A28E0E;
			remoteInfo = Vk;
		};
		488ECDFF2095FB8100A28E0E /* PBXContainerItemProxy */ = {
			isa = PBXContainerItemProxy;
			containerPortal = 488ECDD72095FB7B00A28E0E /* Project object */;
			proxyType = 1;
			remoteGlobalIDString = 488ECDDE2095FB7B00A28E0E;
			remoteInfo = Vk;
		};
/* End PBXContainerItemProxy section */

/* Begin PBXFileReference section */
		0187ADD0220FF864421DFD39 /* Pods-Vk.debug.xcconfig */ = {isa = PBXFileReference; includeInIndex = 1; lastKnownFileType = text.xcconfig; name = "Pods-Vk.debug.xcconfig"; path = "Pods/Target Support Files/Pods-Vk/Pods-Vk.debug.xcconfig"; sourceTree = "<group>"; };
		21555104C9CC7BCA3FB6F629 /* Pods-VkUITests.debug.xcconfig */ = {isa = PBXFileReference; includeInIndex = 1; lastKnownFileType = text.xcconfig; name = "Pods-VkUITests.debug.xcconfig"; path = "Pods/Target Support Files/Pods-VkUITests/Pods-VkUITests.debug.xcconfig"; sourceTree = "<group>"; };
		25ACBD69034476ACCA1C8F37 /* Pods_VkTests.framework */ = {isa = PBXFileReference; explicitFileType = wrapper.framework; includeInIndex = 0; path = Pods_VkTests.framework; sourceTree = BUILT_PRODUCTS_DIR; };
		2EAA40AA53644F631FF157D6 /* Pods_Vk.framework */ = {isa = PBXFileReference; explicitFileType = wrapper.framework; includeInIndex = 0; path = Pods_Vk.framework; sourceTree = BUILT_PRODUCTS_DIR; };
		3ADBD6307BDA002F2A73E364 /* Pods_VkUITests.framework */ = {isa = PBXFileReference; explicitFileType = wrapper.framework; includeInIndex = 0; path = Pods_VkUITests.framework; sourceTree = BUILT_PRODUCTS_DIR; };
		417788BACE9EA4FF626D886D /* Pods-VkUITests.release.xcconfig */ = {isa = PBXFileReference; includeInIndex = 1; lastKnownFileType = text.xcconfig; name = "Pods-VkUITests.release.xcconfig"; path = "Pods/Target Support Files/Pods-VkUITests/Pods-VkUITests.release.xcconfig"; sourceTree = "<group>"; };
		486ED7B2209617F300B95EF4 /* ApiConfig.swift */ = {isa = PBXFileReference; fileEncoding = 4; lastKnownFileType = sourcecode.swift; path = ApiConfig.swift; sourceTree = "<group>"; };
		486ED7B3209617F300B95EF4 /* Request.swift */ = {isa = PBXFileReference; fileEncoding = 4; lastKnownFileType = sourcecode.swift; path = Request.swift; sourceTree = "<group>"; };
		486ED7B4209617F300B95EF4 /* RequestProcessing.swift */ = {isa = PBXFileReference; fileEncoding = 4; lastKnownFileType = sourcecode.swift; path = RequestProcessing.swift; sourceTree = "<group>"; };
		486ED7B5209617F300B95EF4 /* RequestBuilding.swift */ = {isa = PBXFileReference; fileEncoding = 4; lastKnownFileType = sourcecode.swift; path = RequestBuilding.swift; sourceTree = "<group>"; };
		486ED7B6209617F400B95EF4 /* Empty.swift */ = {isa = PBXFileReference; fileEncoding = 4; lastKnownFileType = sourcecode.swift; path = Empty.swift; sourceTree = "<group>"; };
		486ED7B7209617F400B95EF4 /* Result.swift */ = {isa = PBXFileReference; fileEncoding = 4; lastKnownFileType = sourcecode.swift; path = Result.swift; sourceTree = "<group>"; };
		486ED7B8209617F400B95EF4 /* RequestSending.swift */ = {isa = PBXFileReference; fileEncoding = 4; lastKnownFileType = sourcecode.swift; path = RequestSending.swift; sourceTree = "<group>"; };
		488ECDDF2095FB7B00A28E0E /* Vk.app */ = {isa = PBXFileReference; explicitFileType = wrapper.application; includeInIndex = 0; path = Vk.app; sourceTree = BUILT_PRODUCTS_DIR; };
		488ECDE22095FB7B00A28E0E /* AppDelegate.swift */ = {isa = PBXFileReference; lastKnownFileType = sourcecode.swift; path = AppDelegate.swift; sourceTree = "<group>"; };
		488ECDE42095FB7B00A28E0E /* ViewController.swift */ = {isa = PBXFileReference; lastKnownFileType = sourcecode.swift; path = ViewController.swift; sourceTree = "<group>"; };
		488ECDE72095FB7B00A28E0E /* Base */ = {isa = PBXFileReference; lastKnownFileType = file.storyboard; name = Base; path = Base.lproj/Main.storyboard; sourceTree = "<group>"; };
		488ECDE92095FB8100A28E0E /* Assets.xcassets */ = {isa = PBXFileReference; lastKnownFileType = folder.assetcatalog; path = Assets.xcassets; sourceTree = "<group>"; };
		488ECDEC2095FB8100A28E0E /* Base */ = {isa = PBXFileReference; lastKnownFileType = file.storyboard; name = Base; path = Base.lproj/LaunchScreen.storyboard; sourceTree = "<group>"; };
		488ECDEE2095FB8100A28E0E /* Info.plist */ = {isa = PBXFileReference; lastKnownFileType = text.plist.xml; path = Info.plist; sourceTree = "<group>"; };
		488ECDF32095FB8100A28E0E /* VkTests.xctest */ = {isa = PBXFileReference; explicitFileType = wrapper.cfbundle; includeInIndex = 0; path = VkTests.xctest; sourceTree = BUILT_PRODUCTS_DIR; };
		488ECDF72095FB8100A28E0E /* VkTests.swift */ = {isa = PBXFileReference; lastKnownFileType = sourcecode.swift; path = VkTests.swift; sourceTree = "<group>"; };
		488ECDF92095FB8100A28E0E /* Info.plist */ = {isa = PBXFileReference; lastKnownFileType = text.plist.xml; path = Info.plist; sourceTree = "<group>"; };
		488ECDFE2095FB8100A28E0E /* VkUITests.xctest */ = {isa = PBXFileReference; explicitFileType = wrapper.cfbundle; includeInIndex = 0; path = VkUITests.xctest; sourceTree = BUILT_PRODUCTS_DIR; };
		488ECE022095FB8200A28E0E /* VkUITests.swift */ = {isa = PBXFileReference; lastKnownFileType = sourcecode.swift; path = VkUITests.swift; sourceTree = "<group>"; };
		488ECE042095FB8200A28E0E /* Info.plist */ = {isa = PBXFileReference; lastKnownFileType = text.plist.xml; path = Info.plist; sourceTree = "<group>"; };
		68AD81BC51E34FD725EDDF4C /* Pods-VkTests.debug.xcconfig */ = {isa = PBXFileReference; includeInIndex = 1; lastKnownFileType = text.xcconfig; name = "Pods-VkTests.debug.xcconfig"; path = "Pods/Target Support Files/Pods-VkTests/Pods-VkTests.debug.xcconfig"; sourceTree = "<group>"; };
		929D99A4964BE8B2D21BF888 /* Pods-VkTests.release.xcconfig */ = {isa = PBXFileReference; includeInIndex = 1; lastKnownFileType = text.xcconfig; name = "Pods-VkTests.release.xcconfig"; path = "Pods/Target Support Files/Pods-VkTests/Pods-VkTests.release.xcconfig"; sourceTree = "<group>"; };
		EA654DD50C2A6312599376F8 /* Pods-Vk.release.xcconfig */ = {isa = PBXFileReference; includeInIndex = 1; lastKnownFileType = text.xcconfig; name = "Pods-Vk.release.xcconfig"; path = "Pods/Target Support Files/Pods-Vk/Pods-Vk.release.xcconfig"; sourceTree = "<group>"; };
/* End PBXFileReference section */

/* Begin PBXFrameworksBuildPhase section */
		488ECDDC2095FB7B00A28E0E /* Frameworks */ = {
			isa = PBXFrameworksBuildPhase;
			buildActionMask = 2147483647;
			files = (
				FE067B15D931B7BDAF02E604 /* Pods_Vk.framework in Frameworks */,
			);
			runOnlyForDeploymentPostprocessing = 0;
		};
		488ECDF02095FB8100A28E0E /* Frameworks */ = {
			isa = PBXFrameworksBuildPhase;
			buildActionMask = 2147483647;
			files = (
				013E4D6DE5341C978367A2ED /* Pods_VkTests.framework in Frameworks */,
			);
			runOnlyForDeploymentPostprocessing = 0;
		};
		488ECDFB2095FB8100A28E0E /* Frameworks */ = {
			isa = PBXFrameworksBuildPhase;
			buildActionMask = 2147483647;
			files = (
				52AF4B24EC1D53811717BFA8 /* Pods_VkUITests.framework in Frameworks */,
			);
			runOnlyForDeploymentPostprocessing = 0;
		};
/* End PBXFrameworksBuildPhase section */

/* Begin PBXGroup section */
		35DDD39A2A5A5F7D99D2288A /* Pods */ = {
			isa = PBXGroup;
			children = (
				0187ADD0220FF864421DFD39 /* Pods-Vk.debug.xcconfig */,
				EA654DD50C2A6312599376F8 /* Pods-Vk.release.xcconfig */,
				68AD81BC51E34FD725EDDF4C /* Pods-VkTests.debug.xcconfig */,
				929D99A4964BE8B2D21BF888 /* Pods-VkTests.release.xcconfig */,
				21555104C9CC7BCA3FB6F629 /* Pods-VkUITests.debug.xcconfig */,
				417788BACE9EA4FF626D886D /* Pods-VkUITests.release.xcconfig */,
			);
			name = Pods;
			sourceTree = "<group>";
		};
		486ED7AB209615AD00B95EF4 /* App */ = {
			isa = PBXGroup;
			children = (
				488ECDE22095FB7B00A28E0E /* AppDelegate.swift */,
				488ECDE42095FB7B00A28E0E /* ViewController.swift */,
				488ECDE62095FB7B00A28E0E /* Main.storyboard */,
				488ECDE92095FB8100A28E0E /* Assets.xcassets */,
				488ECDEB2095FB8100A28E0E /* LaunchScreen.storyboard */,
				488ECDEE2095FB8100A28E0E /* Info.plist */,
			);
			path = App;
			sourceTree = "<group>";
		};
		486ED7AC209615C800B95EF4 /* Views */ = {
			isa = PBXGroup;
			children = (
			);
			path = Views;
			sourceTree = "<group>";
		};
		486ED7AD209615DA00B95EF4 /* Modules */ = {
			isa = PBXGroup;
			children = (
			);
			path = Modules;
			sourceTree = "<group>";
		};
		486ED7AE209615EB00B95EF4 /* Api */ = {
			isa = PBXGroup;
			children = (
				486ED7B1209617DB00B95EF4 /* Core */,
				486ED7B0209617D500B95EF4 /* Models */,
			);
			path = Api;
			sourceTree = "<group>";
		};
		486ED7AF2096179500B95EF4 /* Extension */ = {
			isa = PBXGroup;
			children = (
			);
			path = Extension;
			sourceTree = "<group>";
		};
		486ED7B0209617D500B95EF4 /* Models */ = {
			isa = PBXGroup;
			children = (
			);
			path = Models;
			sourceTree = "<group>";
		};
		486ED7B1209617DB00B95EF4 /* Core */ = {
			isa = PBXGroup;
			children = (
				486ED7B2209617F300B95EF4 /* ApiConfig.swift */,
				486ED7B6209617F400B95EF4 /* Empty.swift */,
				486ED7B3209617F300B95EF4 /* Request.swift */,
				486ED7B5209617F300B95EF4 /* RequestBuilding.swift */,
				486ED7B4209617F300B95EF4 /* RequestProcessing.swift */,
				486ED7B8209617F400B95EF4 /* RequestSending.swift */,
				486ED7B7209617F400B95EF4 /* Result.swift */,
			);
			path = Core;
			sourceTree = "<group>";
		};
		488ECDD62095FB7B00A28E0E = {
			isa = PBXGroup;
			children = (
				488ECDE12095FB7B00A28E0E /* Vk */,
				488ECDF62095FB8100A28E0E /* VkTests */,
				488ECE012095FB8200A28E0E /* VkUITests */,
				488ECDE02095FB7B00A28E0E /* Products */,
				35DDD39A2A5A5F7D99D2288A /* Pods */,
				CA18BA0278D21742A7868598 /* Frameworks */,
			);
			sourceTree = "<group>";
		};
		488ECDE02095FB7B00A28E0E /* Products */ = {
			isa = PBXGroup;
			children = (
				488ECDDF2095FB7B00A28E0E /* Vk.app */,
				488ECDF32095FB8100A28E0E /* VkTests.xctest */,
				488ECDFE2095FB8100A28E0E /* VkUITests.xctest */,
			);
			name = Products;
			sourceTree = "<group>";
		};
		488ECDE12095FB7B00A28E0E /* Vk */ = {
			isa = PBXGroup;
			children = (
				486ED7AB209615AD00B95EF4 /* App */,
				486ED7AD209615DA00B95EF4 /* Modules */,
				486ED7AC209615C800B95EF4 /* Views */,
				486ED7AF2096179500B95EF4 /* Extension */,
				486ED7AE209615EB00B95EF4 /* Api */,
			);
			path = Vk;
			sourceTree = "<group>";
		};
		488ECDF62095FB8100A28E0E /* VkTests */ = {
			isa = PBXGroup;
			children = (
				488ECDF72095FB8100A28E0E /* VkTests.swift */,
				488ECDF92095FB8100A28E0E /* Info.plist */,
			);
			path = VkTests;
			sourceTree = "<group>";
		};
		488ECE012095FB8200A28E0E /* VkUITests */ = {
			isa = PBXGroup;
			children = (
				488ECE022095FB8200A28E0E /* VkUITests.swift */,
				488ECE042095FB8200A28E0E /* Info.plist */,
			);
			path = VkUITests;
			sourceTree = "<group>";
		};
		CA18BA0278D21742A7868598 /* Frameworks */ = {
			isa = PBXGroup;
			children = (
				2EAA40AA53644F631FF157D6 /* Pods_Vk.framework */,
				25ACBD69034476ACCA1C8F37 /* Pods_VkTests.framework */,
				3ADBD6307BDA002F2A73E364 /* Pods_VkUITests.framework */,
			);
			name = Frameworks;
			sourceTree = "<group>";
		};
/* End PBXGroup section */

/* Begin PBXNativeTarget section */
		488ECDDE2095FB7B00A28E0E /* Vk */ = {
			isa = PBXNativeTarget;
			buildConfigurationList = 488ECE072095FB8200A28E0E /* Build configuration list for PBXNativeTarget "Vk" */;
			buildPhases = (
				55E2AF1AA46DD8817B86BBD9 /* [CP] Check Pods Manifest.lock */,
				488ECDDB2095FB7B00A28E0E /* Sources */,
				488ECDDC2095FB7B00A28E0E /* Frameworks */,
				488ECDDD2095FB7B00A28E0E /* Resources */,
				883146CF9A9FE53A3BBCAB7A /* [CP] Embed Pods Frameworks */,
				32FD66A3C2388308F25DD321 /* [CP] Copy Pods Resources */,
			);
			buildRules = (
			);
			dependencies = (
			);
			name = Vk;
			productName = Vk;
			productReference = 488ECDDF2095FB7B00A28E0E /* Vk.app */;
			productType = "com.apple.product-type.application";
		};
		488ECDF22095FB8100A28E0E /* VkTests */ = {
			isa = PBXNativeTarget;
			buildConfigurationList = 488ECE0A2095FB8200A28E0E /* Build configuration list for PBXNativeTarget "VkTests" */;
			buildPhases = (
				38DB44A30A050C7511622D76 /* [CP] Check Pods Manifest.lock */,
				488ECDEF2095FB8100A28E0E /* Sources */,
				488ECDF02095FB8100A28E0E /* Frameworks */,
				488ECDF12095FB8100A28E0E /* Resources */,
				D3FA00332D96A19E0A8EF422 /* [CP] Embed Pods Frameworks */,
				EE66E78D7D0D8B7110361C62 /* [CP] Copy Pods Resources */,
			);
			buildRules = (
			);
			dependencies = (
				488ECDF52095FB8100A28E0E /* PBXTargetDependency */,
			);
			name = VkTests;
			productName = VkTests;
			productReference = 488ECDF32095FB8100A28E0E /* VkTests.xctest */;
			productType = "com.apple.product-type.bundle.unit-test";
		};
		488ECDFD2095FB8100A28E0E /* VkUITests */ = {
			isa = PBXNativeTarget;
			buildConfigurationList = 488ECE0D2095FB8200A28E0E /* Build configuration list for PBXNativeTarget "VkUITests" */;
			buildPhases = (
				6519A19C35A391AD967ABA2D /* [CP] Check Pods Manifest.lock */,
				488ECDFA2095FB8100A28E0E /* Sources */,
				488ECDFB2095FB8100A28E0E /* Frameworks */,
				488ECDFC2095FB8100A28E0E /* Resources */,
				2BF9BC50210F8961D582D00D /* [CP] Embed Pods Frameworks */,
				E9C7489F3D2FBF0A924774E2 /* [CP] Copy Pods Resources */,
			);
			buildRules = (
			);
			dependencies = (
				488ECE002095FB8100A28E0E /* PBXTargetDependency */,
			);
			name = VkUITests;
			productName = VkUITests;
			productReference = 488ECDFE2095FB8100A28E0E /* VkUITests.xctest */;
			productType = "com.apple.product-type.bundle.ui-testing";
		};
/* End PBXNativeTarget section */

/* Begin PBXProject section */
		488ECDD72095FB7B00A28E0E /* Project object */ = {
			isa = PBXProject;
			attributes = {
				LastSwiftUpdateCheck = 0930;
				LastUpgradeCheck = 0930;
				ORGANIZATIONNAME = fanky;
				TargetAttributes = {
					488ECDDE2095FB7B00A28E0E = {
						CreatedOnToolsVersion = 9.3;
					};
					488ECDF22095FB8100A28E0E = {
						CreatedOnToolsVersion = 9.3;
						TestTargetID = 488ECDDE2095FB7B00A28E0E;
					};
					488ECDFD2095FB8100A28E0E = {
						CreatedOnToolsVersion = 9.3;
						TestTargetID = 488ECDDE2095FB7B00A28E0E;
					};
				};
			};
			buildConfigurationList = 488ECDDA2095FB7B00A28E0E /* Build configuration list for PBXProject "Vk" */;
			compatibilityVersion = "Xcode 9.3";
			developmentRegion = en;
			hasScannedForEncodings = 0;
			knownRegions = (
				en,
				Base,
			);
			mainGroup = 488ECDD62095FB7B00A28E0E;
			productRefGroup = 488ECDE02095FB7B00A28E0E /* Products */;
			projectDirPath = "";
			projectRoot = "";
			targets = (
				488ECDDE2095FB7B00A28E0E /* Vk */,
				488ECDF22095FB8100A28E0E /* VkTests */,
				488ECDFD2095FB8100A28E0E /* VkUITests */,
			);
		};
/* End PBXProject section */

/* Begin PBXResourcesBuildPhase section */
		488ECDDD2095FB7B00A28E0E /* Resources */ = {
			isa = PBXResourcesBuildPhase;
			buildActionMask = 2147483647;
			files = (
				488ECDED2095FB8100A28E0E /* LaunchScreen.storyboard in Resources */,
				488ECDEA2095FB8100A28E0E /* Assets.xcassets in Resources */,
				488ECDE82095FB7B00A28E0E /* Main.storyboard in Resources */,
			);
			runOnlyForDeploymentPostprocessing = 0;
		};
		488ECDF12095FB8100A28E0E /* Resources */ = {
			isa = PBXResourcesBuildPhase;
			buildActionMask = 2147483647;
			files = (
			);
			runOnlyForDeploymentPostprocessing = 0;
		};
		488ECDFC2095FB8100A28E0E /* Resources */ = {
			isa = PBXResourcesBuildPhase;
			buildActionMask = 2147483647;
			files = (
			);
			runOnlyForDeploymentPostprocessing = 0;
		};
/* End PBXResourcesBuildPhase section */

/* Begin PBXShellScriptBuildPhase section */
		2BF9BC50210F8961D582D00D /* [CP] Embed Pods Frameworks */ = {
			isa = PBXShellScriptBuildPhase;
			buildActionMask = 2147483647;
			files = (
			);
			inputPaths = (
			);
			name = "[CP] Embed Pods Frameworks";
			outputPaths = (
			);
			runOnlyForDeploymentPostprocessing = 0;
			shellPath = /bin/sh;
			shellScript = "\"${SRCROOT}/Pods/Target Support Files/Pods-VkUITests/Pods-VkUITests-frameworks.sh\"\n";
			showEnvVarsInLog = 0;
		};
		32FD66A3C2388308F25DD321 /* [CP] Copy Pods Resources */ = {
			isa = PBXShellScriptBuildPhase;
			buildActionMask = 2147483647;
			files = (
			);
			inputPaths = (
			);
			name = "[CP] Copy Pods Resources";
			outputPaths = (
			);
			runOnlyForDeploymentPostprocessing = 0;
			shellPath = /bin/sh;
			shellScript = "\"${SRCROOT}/Pods/Target Support Files/Pods-Vk/Pods-Vk-resources.sh\"\n";
			showEnvVarsInLog = 0;
		};
		38DB44A30A050C7511622D76 /* [CP] Check Pods Manifest.lock */ = {
			isa = PBXShellScriptBuildPhase;
			buildActionMask = 2147483647;
			files = (
			);
			inputPaths = (
				"${PODS_PODFILE_DIR_PATH}/Podfile.lock",
				"${PODS_ROOT}/Manifest.lock",
			);
			name = "[CP] Check Pods Manifest.lock";
			outputPaths = (
				"$(DERIVED_FILE_DIR)/Pods-VkTests-checkManifestLockResult.txt",
			);
			runOnlyForDeploymentPostprocessing = 0;
			shellPath = /bin/sh;
			shellScript = "diff \"${PODS_PODFILE_DIR_PATH}/Podfile.lock\" \"${PODS_ROOT}/Manifest.lock\" > /dev/null\nif [ $? != 0 ] ; then\n    # print error to STDERR\n    echo \"error: The sandbox is not in sync with the Podfile.lock. Run 'pod install' or update your CocoaPods installation.\" >&2\n    exit 1\nfi\n# This output is used by Xcode 'outputs' to avoid re-running this script phase.\necho \"SUCCESS\" > \"${SCRIPT_OUTPUT_FILE_0}\"\n";
			showEnvVarsInLog = 0;
		};
		55E2AF1AA46DD8817B86BBD9 /* [CP] Check Pods Manifest.lock */ = {
			isa = PBXShellScriptBuildPhase;
			buildActionMask = 2147483647;
			files = (
			);
			inputPaths = (
				"${PODS_PODFILE_DIR_PATH}/Podfile.lock",
				"${PODS_ROOT}/Manifest.lock",
			);
			name = "[CP] Check Pods Manifest.lock";
			outputPaths = (
				"$(DERIVED_FILE_DIR)/Pods-Vk-checkManifestLockResult.txt",
			);
			runOnlyForDeploymentPostprocessing = 0;
			shellPath = /bin/sh;
			shellScript = "diff \"${PODS_PODFILE_DIR_PATH}/Podfile.lock\" \"${PODS_ROOT}/Manifest.lock\" > /dev/null\nif [ $? != 0 ] ; then\n    # print error to STDERR\n    echo \"error: The sandbox is not in sync with the Podfile.lock. Run 'pod install' or update your CocoaPods installation.\" >&2\n    exit 1\nfi\n# This output is used by Xcode 'outputs' to avoid re-running this script phase.\necho \"SUCCESS\" > \"${SCRIPT_OUTPUT_FILE_0}\"\n";
			showEnvVarsInLog = 0;
		};
		6519A19C35A391AD967ABA2D /* [CP] Check Pods Manifest.lock */ = {
			isa = PBXShellScriptBuildPhase;
			buildActionMask = 2147483647;
			files = (
			);
			inputPaths = (
				"${PODS_PODFILE_DIR_PATH}/Podfile.lock",
				"${PODS_ROOT}/Manifest.lock",
			);
			name = "[CP] Check Pods Manifest.lock";
			outputPaths = (
				"$(DERIVED_FILE_DIR)/Pods-VkUITests-checkManifestLockResult.txt",
			);
			runOnlyForDeploymentPostprocessing = 0;
			shellPath = /bin/sh;
			shellScript = "diff \"${PODS_PODFILE_DIR_PATH}/Podfile.lock\" \"${PODS_ROOT}/Manifest.lock\" > /dev/null\nif [ $? != 0 ] ; then\n    # print error to STDERR\n    echo \"error: The sandbox is not in sync with the Podfile.lock. Run 'pod install' or update your CocoaPods installation.\" >&2\n    exit 1\nfi\n# This output is used by Xcode 'outputs' to avoid re-running this script phase.\necho \"SUCCESS\" > \"${SCRIPT_OUTPUT_FILE_0}\"\n";
			showEnvVarsInLog = 0;
		};
		883146CF9A9FE53A3BBCAB7A /* [CP] Embed Pods Frameworks */ = {
			isa = PBXShellScriptBuildPhase;
			buildActionMask = 2147483647;
			files = (
			);
			inputPaths = (
				"${SRCROOT}/Pods/Target Support Files/Pods-Vk/Pods-Vk-frameworks.sh",
				"${BUILT_PRODUCTS_DIR}/IQKeyboardManagerSwift/IQKeyboardManagerSwift.framework",
				"${BUILT_PRODUCTS_DIR}/ObjectMapper/ObjectMapper.framework",
			);
			name = "[CP] Embed Pods Frameworks";
			outputPaths = (
				"${TARGET_BUILD_DIR}/${FRAMEWORKS_FOLDER_PATH}/IQKeyboardManagerSwift.framework",
				"${TARGET_BUILD_DIR}/${FRAMEWORKS_FOLDER_PATH}/ObjectMapper.framework",
			);
			runOnlyForDeploymentPostprocessing = 0;
			shellPath = /bin/sh;
			shellScript = "\"${SRCROOT}/Pods/Target Support Files/Pods-Vk/Pods-Vk-frameworks.sh\"\n";
			showEnvVarsInLog = 0;
		};
		D3FA00332D96A19E0A8EF422 /* [CP] Embed Pods Frameworks */ = {
			isa = PBXShellScriptBuildPhase;
			buildActionMask = 2147483647;
			files = (
			);
			inputPaths = (
			);
			name = "[CP] Embed Pods Frameworks";
			outputPaths = (
			);
			runOnlyForDeploymentPostprocessing = 0;
			shellPath = /bin/sh;
			shellScript = "\"${SRCROOT}/Pods/Target Support Files/Pods-VkTests/Pods-VkTests-frameworks.sh\"\n";
			showEnvVarsInLog = 0;
		};
		E9C7489F3D2FBF0A924774E2 /* [CP] Copy Pods Resources */ = {
			isa = PBXShellScriptBuildPhase;
			buildActionMask = 2147483647;
			files = (
			);
			inputPaths = (
			);
			name = "[CP] Copy Pods Resources";
			outputPaths = (
			);
			runOnlyForDeploymentPostprocessing = 0;
			shellPath = /bin/sh;
			shellScript = "\"${SRCROOT}/Pods/Target Support Files/Pods-VkUITests/Pods-VkUITests-resources.sh\"\n";
			showEnvVarsInLog = 0;
		};
		EE66E78D7D0D8B7110361C62 /* [CP] Copy Pods Resources */ = {
			isa = PBXShellScriptBuildPhase;
			buildActionMask = 2147483647;
			files = (
			);
			inputPaths = (
			);
			name = "[CP] Copy Pods Resources";
			outputPaths = (
			);
			runOnlyForDeploymentPostprocessing = 0;
			shellPath = /bin/sh;
			shellScript = "\"${SRCROOT}/Pods/Target Support Files/Pods-VkTests/Pods-VkTests-resources.sh\"\n";
			showEnvVarsInLog = 0;
		};
/* End PBXShellScriptBuildPhase section */

/* Begin PBXSourcesBuildPhase section */
		488ECDDB2095FB7B00A28E0E /* Sources */ = {
			isa = PBXSourcesBuildPhase;
			buildActionMask = 2147483647;
			files = (
				488ECDE52095FB7B00A28E0E /* ViewController.swift in Sources */,
				486ED7BF209617F400B95EF4 /* RequestSending.swift in Sources */,
				486ED7BA209617F400B95EF4 /* Request.swift in Sources */,
				486ED7BB209617F400B95EF4 /* RequestProcessing.swift in Sources */,
				486ED7BC209617F400B95EF4 /* RequestBuilding.swift in Sources */,
				488ECDE32095FB7B00A28E0E /* AppDelegate.swift in Sources */,
				486ED7BD209617F400B95EF4 /* Empty.swift in Sources */,
				486ED7BE209617F400B95EF4 /* Result.swift in Sources */,
				486ED7B9209617F400B95EF4 /* ApiConfig.swift in Sources */,
			);
			runOnlyForDeploymentPostprocessing = 0;
		};
		488ECDEF2095FB8100A28E0E /* Sources */ = {
			isa = PBXSourcesBuildPhase;
			buildActionMask = 2147483647;
			files = (
				488ECDF82095FB8100A28E0E /* VkTests.swift in Sources */,
			);
			runOnlyForDeploymentPostprocessing = 0;
		};
		488ECDFA2095FB8100A28E0E /* Sources */ = {
			isa = PBXSourcesBuildPhase;
			buildActionMask = 2147483647;
			files = (
				488ECE032095FB8200A28E0E /* VkUITests.swift in Sources */,
			);
			runOnlyForDeploymentPostprocessing = 0;
		};
/* End PBXSourcesBuildPhase section */

/* Begin PBXTargetDependency section */
		488ECDF52095FB8100A28E0E /* PBXTargetDependency */ = {
			isa = PBXTargetDependency;
			target = 488ECDDE2095FB7B00A28E0E /* Vk */;
			targetProxy = 488ECDF42095FB8100A28E0E /* PBXContainerItemProxy */;
		};
		488ECE002095FB8100A28E0E /* PBXTargetDependency */ = {
			isa = PBXTargetDependency;
			target = 488ECDDE2095FB7B00A28E0E /* Vk */;
			targetProxy = 488ECDFF2095FB8100A28E0E /* PBXContainerItemProxy */;
		};
/* End PBXTargetDependency section */

/* Begin PBXVariantGroup section */
		488ECDE62095FB7B00A28E0E /* Main.storyboard */ = {
			isa = PBXVariantGroup;
			children = (
				488ECDE72095FB7B00A28E0E /* Base */,
			);
			name = Main.storyboard;
			sourceTree = "<group>";
		};
		488ECDEB2095FB8100A28E0E /* LaunchScreen.storyboard */ = {
			isa = PBXVariantGroup;
			children = (
				488ECDEC2095FB8100A28E0E /* Base */,
			);
			name = LaunchScreen.storyboard;
			sourceTree = "<group>";
		};
/* End PBXVariantGroup section */

/* Begin XCBuildConfiguration section */
		488ECE052095FB8200A28E0E /* Debug */ = {
			isa = XCBuildConfiguration;
			buildSettings = {
				ALWAYS_SEARCH_USER_PATHS = NO;
				CLANG_ANALYZER_NONNULL = YES;
				CLANG_ANALYZER_NUMBER_OBJECT_CONVERSION = YES_AGGRESSIVE;
				CLANG_CXX_LANGUAGE_STANDARD = "gnu++14";
				CLANG_CXX_LIBRARY = "libc++";
				CLANG_ENABLE_MODULES = YES;
				CLANG_ENABLE_OBJC_ARC = YES;
				CLANG_ENABLE_OBJC_WEAK = YES;
				CLANG_WARN_BLOCK_CAPTURE_AUTORELEASING = YES;
				CLANG_WARN_BOOL_CONVERSION = YES;
				CLANG_WARN_COMMA = YES;
				CLANG_WARN_CONSTANT_CONVERSION = YES;
				CLANG_WARN_DEPRECATED_OBJC_IMPLEMENTATIONS = YES;
				CLANG_WARN_DIRECT_OBJC_ISA_USAGE = YES_ERROR;
				CLANG_WARN_DOCUMENTATION_COMMENTS = YES;
				CLANG_WARN_EMPTY_BODY = YES;
				CLANG_WARN_ENUM_CONVERSION = YES;
				CLANG_WARN_INFINITE_RECURSION = YES;
				CLANG_WARN_INT_CONVERSION = YES;
				CLANG_WARN_NON_LITERAL_NULL_CONVERSION = YES;
				CLANG_WARN_OBJC_IMPLICIT_RETAIN_SELF = YES;
				CLANG_WARN_OBJC_LITERAL_CONVERSION = YES;
				CLANG_WARN_OBJC_ROOT_CLASS = YES_ERROR;
				CLANG_WARN_RANGE_LOOP_ANALYSIS = YES;
				CLANG_WARN_STRICT_PROTOTYPES = YES;
				CLANG_WARN_SUSPICIOUS_MOVE = YES;
				CLANG_WARN_UNGUARDED_AVAILABILITY = YES_AGGRESSIVE;
				CLANG_WARN_UNREACHABLE_CODE = YES;
				CLANG_WARN__DUPLICATE_METHOD_MATCH = YES;
				CODE_SIGN_IDENTITY = "iPhone Developer";
				COPY_PHASE_STRIP = NO;
				DEBUG_INFORMATION_FORMAT = dwarf;
				ENABLE_STRICT_OBJC_MSGSEND = YES;
				ENABLE_TESTABILITY = YES;
				GCC_C_LANGUAGE_STANDARD = gnu11;
				GCC_DYNAMIC_NO_PIC = NO;
				GCC_NO_COMMON_BLOCKS = YES;
				GCC_OPTIMIZATION_LEVEL = 0;
				GCC_PREPROCESSOR_DEFINITIONS = (
					"DEBUG=1",
					"$(inherited)",
				);
				GCC_WARN_64_TO_32_BIT_CONVERSION = YES;
				GCC_WARN_ABOUT_RETURN_TYPE = YES_ERROR;
				GCC_WARN_UNDECLARED_SELECTOR = YES;
				GCC_WARN_UNINITIALIZED_AUTOS = YES_AGGRESSIVE;
				GCC_WARN_UNUSED_FUNCTION = YES;
				GCC_WARN_UNUSED_VARIABLE = YES;
				IPHONEOS_DEPLOYMENT_TARGET = 11.3;
				MTL_ENABLE_DEBUG_INFO = YES;
				ONLY_ACTIVE_ARCH = YES;
				SDKROOT = iphoneos;
				SWIFT_ACTIVE_COMPILATION_CONDITIONS = DEBUG;
				SWIFT_OPTIMIZATION_LEVEL = "-Onone";
			};
			name = Debug;
		};
		488ECE062095FB8200A28E0E /* Release */ = {
			isa = XCBuildConfiguration;
			buildSettings = {
				ALWAYS_SEARCH_USER_PATHS = NO;
				CLANG_ANALYZER_NONNULL = YES;
				CLANG_ANALYZER_NUMBER_OBJECT_CONVERSION = YES_AGGRESSIVE;
				CLANG_CXX_LANGUAGE_STANDARD = "gnu++14";
				CLANG_CXX_LIBRARY = "libc++";
				CLANG_ENABLE_MODULES = YES;
				CLANG_ENABLE_OBJC_ARC = YES;
				CLANG_ENABLE_OBJC_WEAK = YES;
				CLANG_WARN_BLOCK_CAPTURE_AUTORELEASING = YES;
				CLANG_WARN_BOOL_CONVERSION = YES;
				CLANG_WARN_COMMA = YES;
				CLANG_WARN_CONSTANT_CONVERSION = YES;
				CLANG_WARN_DEPRECATED_OBJC_IMPLEMENTATIONS = YES;
				CLANG_WARN_DIRECT_OBJC_ISA_USAGE = YES_ERROR;
				CLANG_WARN_DOCUMENTATION_COMMENTS = YES;
				CLANG_WARN_EMPTY_BODY = YES;
				CLANG_WARN_ENUM_CONVERSION = YES;
				CLANG_WARN_INFINITE_RECURSION = YES;
				CLANG_WARN_INT_CONVERSION = YES;
				CLANG_WARN_NON_LITERAL_NULL_CONVERSION = YES;
				CLANG_WARN_OBJC_IMPLICIT_RETAIN_SELF = YES;
				CLANG_WARN_OBJC_LITERAL_CONVERSION = YES;
				CLANG_WARN_OBJC_ROOT_CLASS = YES_ERROR;
				CLANG_WARN_RANGE_LOOP_ANALYSIS = YES;
				CLANG_WARN_STRICT_PROTOTYPES = YES;
				CLANG_WARN_SUSPICIOUS_MOVE = YES;
				CLANG_WARN_UNGUARDED_AVAILABILITY = YES_AGGRESSIVE;
				CLANG_WARN_UNREACHABLE_CODE = YES;
				CLANG_WARN__DUPLICATE_METHOD_MATCH = YES;
				CODE_SIGN_IDENTITY = "iPhone Developer";
				COPY_PHASE_STRIP = NO;
				DEBUG_INFORMATION_FORMAT = "dwarf-with-dsym";
				ENABLE_NS_ASSERTIONS = NO;
				ENABLE_STRICT_OBJC_MSGSEND = YES;
				GCC_C_LANGUAGE_STANDARD = gnu11;
				GCC_NO_COMMON_BLOCKS = YES;
				GCC_WARN_64_TO_32_BIT_CONVERSION = YES;
				GCC_WARN_ABOUT_RETURN_TYPE = YES_ERROR;
				GCC_WARN_UNDECLARED_SELECTOR = YES;
				GCC_WARN_UNINITIALIZED_AUTOS = YES_AGGRESSIVE;
				GCC_WARN_UNUSED_FUNCTION = YES;
				GCC_WARN_UNUSED_VARIABLE = YES;
				IPHONEOS_DEPLOYMENT_TARGET = 11.3;
				MTL_ENABLE_DEBUG_INFO = NO;
				SDKROOT = iphoneos;
				SWIFT_COMPILATION_MODE = wholemodule;
				SWIFT_OPTIMIZATION_LEVEL = "-O";
				VALIDATE_PRODUCT = YES;
			};
			name = Release;
		};
		488ECE082095FB8200A28E0E /* Debug */ = {
			isa = XCBuildConfiguration;
			baseConfigurationReference = 0187ADD0220FF864421DFD39 /* Pods-Vk.debug.xcconfig */;
			buildSettings = {
				ASSETCATALOG_COMPILER_APPICON_NAME = AppIcon;
				CODE_SIGN_STYLE = Automatic;
				DEVELOPMENT_TEAM = 97GHEGCZ3N;
				INFOPLIST_FILE = "$(SRCROOT)/Vk/App/Info.plist";
				LD_RUNPATH_SEARCH_PATHS = "$(inherited) @executable_path/Frameworks";
				PRODUCT_BUNDLE_IDENTIFIER = fa.Vk;
				PRODUCT_NAME = "$(TARGET_NAME)";
				SWIFT_VERSION = 4.0;
				TARGETED_DEVICE_FAMILY = "1,2";
			};
			name = Debug;
		};
		488ECE092095FB8200A28E0E /* Release */ = {
			isa = XCBuildConfiguration;
			baseConfigurationReference = EA654DD50C2A6312599376F8 /* Pods-Vk.release.xcconfig */;
			buildSettings = {
				ASSETCATALOG_COMPILER_APPICON_NAME = AppIcon;
				CODE_SIGN_STYLE = Automatic;
				DEVELOPMENT_TEAM = 97GHEGCZ3N;
				INFOPLIST_FILE = "$(SRCROOT)/Vk/App/Info.plist";
				LD_RUNPATH_SEARCH_PATHS = "$(inherited) @executable_path/Frameworks";
				PRODUCT_BUNDLE_IDENTIFIER = fa.Vk;
				PRODUCT_NAME = "$(TARGET_NAME)";
				SWIFT_VERSION = 4.0;
				TARGETED_DEVICE_FAMILY = "1,2";
			};
			name = Release;
		};
		488ECE0B2095FB8200A28E0E /* Debug */ = {
			isa = XCBuildConfiguration;
			baseConfigurationReference = 68AD81BC51E34FD725EDDF4C /* Pods-VkTests.debug.xcconfig */;
			buildSettings = {
				ALWAYS_EMBED_SWIFT_STANDARD_LIBRARIES = YES;
				BUNDLE_LOADER = "$(TEST_HOST)";
				CODE_SIGN_STYLE = Automatic;
				DEVELOPMENT_TEAM = 97GHEGCZ3N;
				INFOPLIST_FILE = VkTests/Info.plist;
				LD_RUNPATH_SEARCH_PATHS = "$(inherited) @executable_path/Frameworks @loader_path/Frameworks";
				PRODUCT_BUNDLE_IDENTIFIER = fa.VkTests;
				PRODUCT_NAME = "$(TARGET_NAME)";
				SWIFT_VERSION = 4.0;
				TARGETED_DEVICE_FAMILY = "1,2";
				TEST_HOST = "$(BUILT_PRODUCTS_DIR)/Vk.app/Vk";
			};
			name = Debug;
		};
		488ECE0C2095FB8200A28E0E /* Release */ = {
			isa = XCBuildConfiguration;
			baseConfigurationReference = 929D99A4964BE8B2D21BF888 /* Pods-VkTests.release.xcconfig */;
			buildSettings = {
				ALWAYS_EMBED_SWIFT_STANDARD_LIBRARIES = YES;
				BUNDLE_LOADER = "$(TEST_HOST)";
				CODE_SIGN_STYLE = Automatic;
				DEVELOPMENT_TEAM = 97GHEGCZ3N;
				INFOPLIST_FILE = VkTests/Info.plist;
				LD_RUNPATH_SEARCH_PATHS = "$(inherited) @executable_path/Frameworks @loader_path/Frameworks";
				PRODUCT_BUNDLE_IDENTIFIER = fa.VkTests;
				PRODUCT_NAME = "$(TARGET_NAME)";
				SWIFT_VERSION = 4.0;
				TARGETED_DEVICE_FAMILY = "1,2";
				TEST_HOST = "$(BUILT_PRODUCTS_DIR)/Vk.app/Vk";
			};
			name = Release;
		};
		488ECE0E2095FB8200A28E0E /* Debug */ = {
			isa = XCBuildConfiguration;
			baseConfigurationReference = 21555104C9CC7BCA3FB6F629 /* Pods-VkUITests.debug.xcconfig */;
			buildSettings = {
				ALWAYS_EMBED_SWIFT_STANDARD_LIBRARIES = YES;
				CODE_SIGN_STYLE = Automatic;
				DEVELOPMENT_TEAM = 97GHEGCZ3N;
				INFOPLIST_FILE = VkUITests/Info.plist;
				LD_RUNPATH_SEARCH_PATHS = "$(inherited) @executable_path/Frameworks @loader_path/Frameworks";
				PRODUCT_BUNDLE_IDENTIFIER = fa.VkUITests;
				PRODUCT_NAME = "$(TARGET_NAME)";
				SWIFT_VERSION = 4.0;
				TARGETED_DEVICE_FAMILY = "1,2";
				TEST_TARGET_NAME = Vk;
			};
			name = Debug;
		};
		488ECE0F2095FB8200A28E0E /* Release */ = {
			isa = XCBuildConfiguration;
			baseConfigurationReference = 417788BACE9EA4FF626D886D /* Pods-VkUITests.release.xcconfig */;
			buildSettings = {
				ALWAYS_EMBED_SWIFT_STANDARD_LIBRARIES = YES;
				CODE_SIGN_STYLE = Automatic;
				DEVELOPMENT_TEAM = 97GHEGCZ3N;
				INFOPLIST_FILE = VkUITests/Info.plist;
				LD_RUNPATH_SEARCH_PATHS = "$(inherited) @executable_path/Frameworks @loader_path/Frameworks";
				PRODUCT_BUNDLE_IDENTIFIER = fa.VkUITests;
				PRODUCT_NAME = "$(TARGET_NAME)";
				SWIFT_VERSION = 4.0;
				TARGETED_DEVICE_FAMILY = "1,2";
				TEST_TARGET_NAME = Vk;
			};
			name = Release;
		};
/* End XCBuildConfiguration section */

/* Begin XCConfigurationList section */
		488ECDDA2095FB7B00A28E0E /* Build configuration list for PBXProject "Vk" */ = {
			isa = XCConfigurationList;
			buildConfigurations = (
				488ECE052095FB8200A28E0E /* Debug */,
				488ECE062095FB8200A28E0E /* Release */,
			);
			defaultConfigurationIsVisible = 0;
			defaultConfigurationName = Release;
		};
		488ECE072095FB8200A28E0E /* Build configuration list for PBXNativeTarget "Vk" */ = {
			isa = XCConfigurationList;
			buildConfigurations = (
				488ECE082095FB8200A28E0E /* Debug */,
				488ECE092095FB8200A28E0E /* Release */,
			);
			defaultConfigurationIsVisible = 0;
			defaultConfigurationName = Release;
		};
		488ECE0A2095FB8200A28E0E /* Build configuration list for PBXNativeTarget "VkTests" */ = {
			isa = XCConfigurationList;
			buildConfigurations = (
				488ECE0B2095FB8200A28E0E /* Debug */,
				488ECE0C2095FB8200A28E0E /* Release */,
			);
			defaultConfigurationIsVisible = 0;
			defaultConfigurationName = Release;
		};
		488ECE0D2095FB8200A28E0E /* Build configuration list for PBXNativeTarget "VkUITests" */ = {
			isa = XCConfigurationList;
			buildConfigurations = (
				488ECE0E2095FB8200A28E0E /* Debug */,
				488ECE0F2095FB8200A28E0E /* Release */,
			);
			defaultConfigurationIsVisible = 0;
			defaultConfigurationName = Release;
		};
/* End XCConfigurationList section */
	};
	rootObject = 488ECDD72095FB7B00A28E0E /* Project object */;
}
